// !$*UTF8*$!
{
	archiveVersion = 1;
	classes = {
	};
	objectVersion = 55;
	objects = {

/* Begin PBXBuildFile section */
		EA0024252C59DF8000155ED4 /* whiskApp.swift in Sources */ = {isa = PBXBuildFile; fileRef = EA0024242C59DF8000155ED4 /* whiskApp.swift */; };
		EA0024272C59DF8000155ED4 /* ContentView.swift in Sources */ = {isa = PBXBuildFile; fileRef = EA0024262C59DF8000155ED4 /* ContentView.swift */; };
		EA0024292C59DF8100155ED4 /* Assets.xcassets in Resources */ = {isa = PBXBuildFile; fileRef = EA0024282C59DF8100155ED4 /* Assets.xcassets */; };
		EA00242C2C59DF8100155ED4 /* Preview Assets.xcassets in Resources */ = {isa = PBXBuildFile; fileRef = EA00242B2C59DF8100155ED4 /* Preview Assets.xcassets */; };
		EA0024362C59DF8100155ED4 /* whiskTests.swift in Sources */ = {isa = PBXBuildFile; fileRef = EA0024352C59DF8100155ED4 /* whiskTests.swift */; };
		EA0024402C59DF8100155ED4 /* whiskUITests.swift in Sources */ = {isa = PBXBuildFile; fileRef = EA00243F2C59DF8100155ED4 /* whiskUITests.swift */; };
		EA0024422C59DF8100155ED4 /* whiskUITestsLaunchTests.swift in Sources */ = {isa = PBXBuildFile; fileRef = EA0024412C59DF8100155ED4 /* whiskUITestsLaunchTests.swift */; };
/* End PBXBuildFile section */

/* Begin PBXContainerItemProxy section */
		EA0024322C59DF8100155ED4 /* PBXContainerItemProxy */ = {
			isa = PBXContainerItemProxy;
			containerPortal = EA0024192C59DF8000155ED4 /* Project object */;
			proxyType = 1;
			remoteGlobalIDString = EA0024202C59DF8000155ED4;
			remoteInfo = whisk;
		};
		EA00243C2C59DF8100155ED4 /* PBXContainerItemProxy */ = {
			isa = PBXContainerItemProxy;
			containerPortal = EA0024192C59DF8000155ED4 /* Project object */;
			proxyType = 1;
			remoteGlobalIDString = EA0024202C59DF8000155ED4;
			remoteInfo = whisk;
		};
/* End PBXContainerItemProxy section */

/* Begin PBXFileReference section */
		EA0024212C59DF8000155ED4 /* whisk.app */ = {isa = PBXFileReference; explicitFileType = wrapper.application; includeInIndex = 0; path = whisk.app; sourceTree = BUILT_PRODUCTS_DIR; };
		EA0024242C59DF8000155ED4 /* whiskApp.swift */ = {isa = PBXFileReference; lastKnownFileType = sourcecode.swift; path = whiskApp.swift; sourceTree = "<group>"; };
		EA0024262C59DF8000155ED4 /* ContentView.swift */ = {isa = PBXFileReference; lastKnownFileType = sourcecode.swift; path = ContentView.swift; sourceTree = "<group>"; };
		EA0024282C59DF8100155ED4 /* Assets.xcassets */ = {isa = PBXFileReference; lastKnownFileType = folder.assetcatalog; path = Assets.xcassets; sourceTree = "<group>"; };
		EA00242B2C59DF8100155ED4 /* Preview Assets.xcassets */ = {isa = PBXFileReference; lastKnownFileType = folder.assetcatalog; path = "Preview Assets.xcassets"; sourceTree = "<group>"; };
		EA0024312C59DF8100155ED4 /* whiskTests.xctest */ = {isa = PBXFileReference; explicitFileType = wrapper.cfbundle; includeInIndex = 0; path = whiskTests.xctest; sourceTree = BUILT_PRODUCTS_DIR; };
		EA0024352C59DF8100155ED4 /* whiskTests.swift */ = {isa = PBXFileReference; lastKnownFileType = sourcecode.swift; path = whiskTests.swift; sourceTree = "<group>"; };
		EA00243B2C59DF8100155ED4 /* whiskUITests.xctest */ = {isa = PBXFileReference; explicitFileType = wrapper.cfbundle; includeInIndex = 0; path = whiskUITests.xctest; sourceTree = BUILT_PRODUCTS_DIR; };
		EA00243F2C59DF8100155ED4 /* whiskUITests.swift */ = {isa = PBXFileReference; lastKnownFileType = sourcecode.swift; path = whiskUITests.swift; sourceTree = "<group>"; };
		EA0024412C59DF8100155ED4 /* whiskUITestsLaunchTests.swift */ = {isa = PBXFileReference; lastKnownFileType = sourcecode.swift; path = whiskUITestsLaunchTests.swift; sourceTree = "<group>"; };
/* End PBXFileReference section */

/* Begin PBXFrameworksBuildPhase section */
		EA00241E2C59DF8000155ED4 /* Frameworks */ = {
			isa = PBXFrameworksBuildPhase;
			buildActionMask = 2147483647;
			files = (
			);
			runOnlyForDeploymentPostprocessing = 0;
		};
		EA00242E2C59DF8100155ED4 /* Frameworks */ = {
			isa = PBXFrameworksBuildPhase;
			buildActionMask = 2147483647;
			files = (
			);
			runOnlyForDeploymentPostprocessing = 0;
		};
		EA0024382C59DF8100155ED4 /* Frameworks */ = {
			isa = PBXFrameworksBuildPhase;
			buildActionMask = 2147483647;
			files = (
			);
			runOnlyForDeploymentPostprocessing = 0;
		};
/* End PBXFrameworksBuildPhase section */

/* Begin PBXGroup section */
		EA0024182C59DF8000155ED4 = {
			isa = PBXGroup;
			children = (
				EA0024232C59DF8000155ED4 /* whisk */,
				EA0024342C59DF8100155ED4 /* whiskTests */,
				EA00243E2C59DF8100155ED4 /* whiskUITests */,
				EA0024222C59DF8000155ED4 /* Products */,
			);
			sourceTree = "<group>";
		};
		EA0024222C59DF8000155ED4 /* Products */ = {
			isa = PBXGroup;
			children = (
				EA0024212C59DF8000155ED4 /* whisk.app */,
				EA0024312C59DF8100155ED4 /* whiskTests.xctest */,
				EA00243B2C59DF8100155ED4 /* whiskUITests.xctest */,
			);
			name = Products;
			sourceTree = "<group>";
		};
		EA0024232C59DF8000155ED4 /* whisk */ = {
			isa = PBXGroup;
			children = (
				EA0024242C59DF8000155ED4 /* whiskApp.swift */,
				EA0024262C59DF8000155ED4 /* ContentView.swift */,
				EA0024282C59DF8100155ED4 /* Assets.xcassets */,
				EA00242A2C59DF8100155ED4 /* Preview Content */,
			);
			path = whisk;
			sourceTree = "<group>";
		};
		EA00242A2C59DF8100155ED4 /* Preview Content */ = {
			isa = PBXGroup;
			children = (
				EA00242B2C59DF8100155ED4 /* Preview Assets.xcassets */,
			);
			path = "Preview Content";
			sourceTree = "<group>";
		};
		EA0024342C59DF8100155ED4 /* whiskTests */ = {
			isa = PBXGroup;
			children = (
				EA0024352C59DF8100155ED4 /* whiskTests.swift */,
			);
			path = whiskTests;
			sourceTree = "<group>";
		};
		EA00243E2C59DF8100155ED4 /* whiskUITests */ = {
			isa = PBXGroup;
			children = (
				EA00243F2C59DF8100155ED4 /* whiskUITests.swift */,
				EA0024412C59DF8100155ED4 /* whiskUITestsLaunchTests.swift */,
			);
			path = whiskUITests;
			sourceTree = "<group>";
		};
/* End PBXGroup section */

/* Begin PBXNativeTarget section */
		EA0024202C59DF8000155ED4 /* whisk */ = {
			isa = PBXNativeTarget;
			buildConfigurationList = EA0024452C59DF8100155ED4 /* Build configuration list for PBXNativeTarget "whisk" */;
			buildPhases = (
				EA00241D2C59DF8000155ED4 /* Sources */,
				EA00241E2C59DF8000155ED4 /* Frameworks */,
				EA00241F2C59DF8000155ED4 /* Resources */,
			);
			buildRules = (
			);
			dependencies = (
			);
			name = whisk;
			productName = whisk;
			productReference = EA0024212C59DF8000155ED4 /* whisk.app */;
			productType = "com.apple.product-type.application";
		};
		EA0024302C59DF8100155ED4 /* whiskTests */ = {
			isa = PBXNativeTarget;
			buildConfigurationList = EA0024482C59DF8100155ED4 /* Build configuration list for PBXNativeTarget "whiskTests" */;
			buildPhases = (
				EA00242D2C59DF8100155ED4 /* Sources */,
				EA00242E2C59DF8100155ED4 /* Frameworks */,
				EA00242F2C59DF8100155ED4 /* Resources */,
			);
			buildRules = (
			);
			dependencies = (
				EA0024332C59DF8100155ED4 /* PBXTargetDependency */,
			);
			name = whiskTests;
			productName = whiskTests;
			productReference = EA0024312C59DF8100155ED4 /* whiskTests.xctest */;
			productType = "com.apple.product-type.bundle.unit-test";
		};
		EA00243A2C59DF8100155ED4 /* whiskUITests */ = {
			isa = PBXNativeTarget;
			buildConfigurationList = EA00244B2C59DF8100155ED4 /* Build configuration list for PBXNativeTarget "whiskUITests" */;
			buildPhases = (
				EA0024372C59DF8100155ED4 /* Sources */,
				EA0024382C59DF8100155ED4 /* Frameworks */,
				EA0024392C59DF8100155ED4 /* Resources */,
			);
			buildRules = (
			);
			dependencies = (
				EA00243D2C59DF8100155ED4 /* PBXTargetDependency */,
			);
			name = whiskUITests;
			productName = whiskUITests;
			productReference = EA00243B2C59DF8100155ED4 /* whiskUITests.xctest */;
			productType = "com.apple.product-type.bundle.ui-testing";
		};
/* End PBXNativeTarget section */

/* Begin PBXProject section */
		EA0024192C59DF8000155ED4 /* Project object */ = {
			isa = PBXProject;
			attributes = {
				BuildIndependentTargetsInParallel = 1;
				LastSwiftUpdateCheck = 1340;
				LastUpgradeCheck = 1340;
				TargetAttributes = {
					EA0024202C59DF8000155ED4 = {
						CreatedOnToolsVersion = 13.4.1;
					};
					EA0024302C59DF8100155ED4 = {
						CreatedOnToolsVersion = 13.4.1;
						TestTargetID = EA0024202C59DF8000155ED4;
					};
					EA00243A2C59DF8100155ED4 = {
						CreatedOnToolsVersion = 13.4.1;
						TestTargetID = EA0024202C59DF8000155ED4;
					};
				};
			};
			buildConfigurationList = EA00241C2C59DF8000155ED4 /* Build configuration list for PBXProject "whisk" */;
			compatibilityVersion = "Xcode 13.0";
			developmentRegion = en;
			hasScannedForEncodings = 0;
			knownRegions = (
				en,
				Base,
			);
			mainGroup = EA0024182C59DF8000155ED4;
			productRefGroup = EA0024222C59DF8000155ED4 /* Products */;
			projectDirPath = "";
			projectRoot = "";
			targets = (
				EA0024202C59DF8000155ED4 /* whisk */,
				EA0024302C59DF8100155ED4 /* whiskTests */,
				EA00243A2C59DF8100155ED4 /* whiskUITests */,
			);
		};
/* End PBXProject section */

/* Begin PBXResourcesBuildPhase section */
		EA00241F2C59DF8000155ED4 /* Resources */ = {
			isa = PBXResourcesBuildPhase;
			buildActionMask = 2147483647;
			files = (
				EA00242C2C59DF8100155ED4 /* Preview Assets.xcassets in Resources */,
				EA0024292C59DF8100155ED4 /* Assets.xcassets in Resources */,
			);
			runOnlyForDeploymentPostprocessing = 0;
		};
		EA00242F2C59DF8100155ED4 /* Resources */ = {
			isa = PBXResourcesBuildPhase;
			buildActionMask = 2147483647;
			files = (
			);
			runOnlyForDeploymentPostprocessing = 0;
		};
		EA0024392C59DF8100155ED4 /* Resources */ = {
			isa = PBXResourcesBuildPhase;
			buildActionMask = 2147483647;
			files = (
			);
			runOnlyForDeploymentPostprocessing = 0;
		};
/* End PBXResourcesBuildPhase section */

/* Begin PBXSourcesBuildPhase section */
		EA00241D2C59DF8000155ED4 /* Sources */ = {
			isa = PBXSourcesBuildPhase;
			buildActionMask = 2147483647;
			files = (
				EA0024272C59DF8000155ED4 /* ContentView.swift in Sources */,
				EA0024252C59DF8000155ED4 /* whiskApp.swift in Sources */,
			);
			runOnlyForDeploymentPostprocessing = 0;
		};
		EA00242D2C59DF8100155ED4 /* Sources */ = {
			isa = PBXSourcesBuildPhase;
			buildActionMask = 2147483647;
			files = (
				EA0024362C59DF8100155ED4 /* whiskTests.swift in Sources */,
			);
			runOnlyForDeploymentPostprocessing = 0;
		};
		EA0024372C59DF8100155ED4 /* Sources */ = {
			isa = PBXSourcesBuildPhase;
			buildActionMask = 2147483647;
			files = (
				EA0024402C59DF8100155ED4 /* whiskUITests.swift in Sources */,
				EA0024422C59DF8100155ED4 /* whiskUITestsLaunchTests.swift in Sources */,
			);
			runOnlyForDeploymentPostprocessing = 0;
		};
/* End PBXSourcesBuildPhase section */

/* Begin PBXTargetDependency section */
		EA0024332C59DF8100155ED4 /* PBXTargetDependency */ = {
			isa = PBXTargetDependency;
			target = EA0024202C59DF8000155ED4 /* whisk */;
			targetProxy = EA0024322C59DF8100155ED4 /* PBXContainerItemProxy */;
		};
		EA00243D2C59DF8100155ED4 /* PBXTargetDependency */ = {
			isa = PBXTargetDependency;
			target = EA0024202C59DF8000155ED4 /* whisk */;
			targetProxy = EA00243C2C59DF8100155ED4 /* PBXContainerItemProxy */;
		};
/* End PBXTargetDependency section */

/* Begin XCBuildConfiguration section */
		EA0024432C59DF8100155ED4 /* Debug */ = {
			isa = XCBuildConfiguration;
			buildSettings = {
				ALWAYS_SEARCH_USER_PATHS = NO;
				CLANG_ANALYZER_NONNULL = YES;
				CLANG_ANALYZER_NUMBER_OBJECT_CONVERSION = YES_AGGRESSIVE;
				CLANG_CXX_LANGUAGE_STANDARD = "gnu++17";
				CLANG_ENABLE_MODULES = YES;
				CLANG_ENABLE_OBJC_ARC = YES;
				CLANG_ENABLE_OBJC_WEAK = YES;
				CLANG_WARN_BLOCK_CAPTURE_AUTORELEASING = YES;
				CLANG_WARN_BOOL_CONVERSION = YES;
				CLANG_WARN_COMMA = YES;
				CLANG_WARN_CONSTANT_CONVERSION = YES;
				CLANG_WARN_DEPRECATED_OBJC_IMPLEMENTATIONS = YES;
				CLANG_WARN_DIRECT_OBJC_ISA_USAGE = YES_ERROR;
				CLANG_WARN_DOCUMENTATION_COMMENTS = YES;
				CLANG_WARN_EMPTY_BODY = YES;
				CLANG_WARN_ENUM_CONVERSION = YES;
				CLANG_WARN_INFINITE_RECURSION = YES;
				CLANG_WARN_INT_CONVERSION = YES;
				CLANG_WARN_NON_LITERAL_NULL_CONVERSION = YES;
				CLANG_WARN_OBJC_IMPLICIT_RETAIN_SELF = YES;
				CLANG_WARN_OBJC_LITERAL_CONVERSION = YES;
				CLANG_WARN_OBJC_ROOT_CLASS = YES_ERROR;
				CLANG_WARN_QUOTED_INCLUDE_IN_FRAMEWORK_HEADER = YES;
				CLANG_WARN_RANGE_LOOP_ANALYSIS = YES;
				CLANG_WARN_STRICT_PROTOTYPES = YES;
				CLANG_WARN_SUSPICIOUS_MOVE = YES;
				CLANG_WARN_UNGUARDED_AVAILABILITY = YES_AGGRESSIVE;
				CLANG_WARN_UNREACHABLE_CODE = YES;
				CLANG_WARN__DUPLICATE_METHOD_MATCH = YES;
				COPY_PHASE_STRIP = NO;
				DEBUG_INFORMATION_FORMAT = dwarf;
				ENABLE_STRICT_OBJC_MSGSEND = YES;
				ENABLE_TESTABILITY = YES;
				GCC_C_LANGUAGE_STANDARD = gnu11;
				GCC_DYNAMIC_NO_PIC = NO;
				GCC_NO_COMMON_BLOCKS = YES;
				GCC_OPTIMIZATION_LEVEL = 0;
				GCC_PREPROCESSOR_DEFINITIONS = (
					"DEBUG=1",
					"$(inherited)",
				);
				GCC_WARN_64_TO_32_BIT_CONVERSION = YES;
				GCC_WARN_ABOUT_RETURN_TYPE = YES_ERROR;
				GCC_WARN_UNDECLARED_SELECTOR = YES;
				GCC_WARN_UNINITIALIZED_AUTOS = YES_AGGRESSIVE;
				GCC_WARN_UNUSED_FUNCTION = YES;
				GCC_WARN_UNUSED_VARIABLE = YES;
				IPHONEOS_DEPLOYMENT_TARGET = 15.5;
				MTL_ENABLE_DEBUG_INFO = INCLUDE_SOURCE;
				MTL_FAST_MATH = YES;
				ONLY_ACTIVE_ARCH = YES;
				SDKROOT = iphoneos;
				SWIFT_ACTIVE_COMPILATION_CONDITIONS = DEBUG;
				SWIFT_OPTIMIZATION_LEVEL = "-Onone";
			};
			name = Debug;
		};
		EA0024442C59DF8100155ED4 /* Release */ = {
			isa = XCBuildConfiguration;
			buildSettings = {
				ALWAYS_SEARCH_USER_PATHS = NO;
				CLANG_ANALYZER_NONNULL = YES;
				CLANG_ANALYZER_NUMBER_OBJECT_CONVERSION = YES_AGGRESSIVE;
				CLANG_CXX_LANGUAGE_STANDARD = "gnu++17";
				CLANG_ENABLE_MODULES = YES;
				CLANG_ENABLE_OBJC_ARC = YES;
				CLANG_ENABLE_OBJC_WEAK = YES;
				CLANG_WARN_BLOCK_CAPTURE_AUTORELEASING = YES;
				CLANG_WARN_BOOL_CONVERSION = YES;
				CLANG_WARN_COMMA = YES;
				CLANG_WARN_CONSTANT_CONVERSION = YES;
				CLANG_WARN_DEPRECATED_OBJC_IMPLEMENTATIONS = YES;
				CLANG_WARN_DIRECT_OBJC_ISA_USAGE = YES_ERROR;
				CLANG_WARN_DOCUMENTATION_COMMENTS = YES;
				CLANG_WARN_EMPTY_BODY = YES;
				CLANG_WARN_ENUM_CONVERSION = YES;
				CLANG_WARN_INFINITE_RECURSION = YES;
				CLANG_WARN_INT_CONVERSION = YES;
				CLANG_WARN_NON_LITERAL_NULL_CONVERSION = YES;
				CLANG_WARN_OBJC_IMPLICIT_RETAIN_SELF = YES;
				CLANG_WARN_OBJC_LITERAL_CONVERSION = YES;
				CLANG_WARN_OBJC_ROOT_CLASS = YES_ERROR;
				CLANG_WARN_QUOTED_INCLUDE_IN_FRAMEWORK_HEADER = YES;
				CLANG_WARN_RANGE_LOOP_ANALYSIS = YES;
				CLANG_WARN_STRICT_PROTOTYPES = YES;
				CLANG_WARN_SUSPICIOUS_MOVE = YES;
				CLANG_WARN_UNGUARDED_AVAILABILITY = YES_AGGRESSIVE;
				CLANG_WARN_UNREACHABLE_CODE = YES;
				CLANG_WARN__DUPLICATE_METHOD_MATCH = YES;
				COPY_PHASE_STRIP = NO;
				DEBUG_INFORMATION_FORMAT = "dwarf-with-dsym";
				ENABLE_NS_ASSERTIONS = NO;
				ENABLE_STRICT_OBJC_MSGSEND = YES;
				GCC_C_LANGUAGE_STANDARD = gnu11;
				GCC_NO_COMMON_BLOCKS = YES;
				GCC_WARN_64_TO_32_BIT_CONVERSION = YES;
				GCC_WARN_ABOUT_RETURN_TYPE = YES_ERROR;
				GCC_WARN_UNDECLARED_SELECTOR = YES;
				GCC_WARN_UNINITIALIZED_AUTOS = YES_AGGRESSIVE;
				GCC_WARN_UNUSED_FUNCTION = YES;
				GCC_WARN_UNUSED_VARIABLE = YES;
				IPHONEOS_DEPLOYMENT_TARGET = 15.5;
				MTL_ENABLE_DEBUG_INFO = NO;
				MTL_FAST_MATH = YES;
				SDKROOT = iphoneos;
				SWIFT_COMPILATION_MODE = wholemodule;
				SWIFT_OPTIMIZATION_LEVEL = "-O";
				VALIDATE_PRODUCT = YES;
			};
			name = Release;
		};
		EA0024462C59DF8100155ED4 /* Debug */ = {
			isa = XCBuildConfiguration;
			buildSettings = {
				ASSETCATALOG_COMPILER_APPICON_NAME = AppIcon;
				ASSETCATALOG_COMPILER_GLOBAL_ACCENT_COLOR_NAME = AccentColor;
				CODE_SIGN_STYLE = Automatic;
				CURRENT_PROJECT_VERSION = 1;
				DEVELOPMENT_ASSET_PATHS = "\"whisk/Preview Content\"";
				ENABLE_PREVIEWS = YES;
				GENERATE_INFOPLIST_FILE = YES;
				INFOPLIST_KEY_UIApplicationSceneManifest_Generation = YES;
				INFOPLIST_KEY_UIApplicationSupportsIndirectInputEvents = YES;
				INFOPLIST_KEY_UILaunchScreen_Generation = YES;
				INFOPLIST_KEY_UISupportedInterfaceOrientations_iPad = "UIInterfaceOrientationPortrait UIInterfaceOrientationPortraitUpsideDown UIInterfaceOrientationLandscapeLeft UIInterfaceOrientationLandscapeRight";
				INFOPLIST_KEY_UISupportedInterfaceOrientations_iPhone = "UIInterfaceOrientationPortrait UIInterfaceOrientationLandscapeLeft UIInterfaceOrientationLandscapeRight";
				LD_RUNPATH_SEARCH_PATHS = (
					"$(inherited)",
					"@executable_path/Frameworks",
				);
				MARKETING_VERSION = 1.0;
				PRODUCT_BUNDLE_IDENTIFIER = com.briannashen.whisk;
				PRODUCT_NAME = "$(TARGET_NAME)";
				SWIFT_EMIT_LOC_STRINGS = YES;
				SWIFT_VERSION = 5.0;
				TARGETED_DEVICE_FAMILY = "1,2";
			};
			name = Debug;
		};
		EA0024472C59DF8100155ED4 /* Release */ = {
			isa = XCBuildConfiguration;
			buildSettings = {
				ASSETCATALOG_COMPILER_APPICON_NAME = AppIcon;
				ASSETCATALOG_COMPILER_GLOBAL_ACCENT_COLOR_NAME = AccentColor;
				CODE_SIGN_STYLE = Automatic;
				CURRENT_PROJECT_VERSION = 1;
				DEVELOPMENT_ASSET_PATHS = "\"whisk/Preview Content\"";
				ENABLE_PREVIEWS = YES;
				GENERATE_INFOPLIST_FILE = YES;
				INFOPLIST_KEY_UIApplicationSceneManifest_Generation = YES;
				INFOPLIST_KEY_UIApplicationSupportsIndirectInputEvents = YES;
				INFOPLIST_KEY_UILaunchScreen_Generation = YES;
				INFOPLIST_KEY_UISupportedInterfaceOrientations_iPad = "UIInterfaceOrientationPortrait UIInterfaceOrientationPortraitUpsideDown UIInterfaceOrientationLandscapeLeft UIInterfaceOrientationLandscapeRight";
				INFOPLIST_KEY_UISupportedInterfaceOrientations_iPhone = "UIInterfaceOrientationPortrait UIInterfaceOrientationLandscapeLeft UIInterfaceOrientationLandscapeRight";
				LD_RUNPATH_SEARCH_PATHS = (
					"$(inherited)",
					"@executable_path/Frameworks",
				);
				MARKETING_VERSION = 1.0;
				PRODUCT_BUNDLE_IDENTIFIER = com.briannashen.whisk;
				PRODUCT_NAME = "$(TARGET_NAME)";
				SWIFT_EMIT_LOC_STRINGS = YES;
				SWIFT_VERSION = 5.0;
				TARGETED_DEVICE_FAMILY = "1,2";
			};
			name = Release;
		};
		EA0024492C59DF8100155ED4 /* Debug */ = {
			isa = XCBuildConfiguration;
			buildSettings = {
				ALWAYS_EMBED_SWIFT_STANDARD_LIBRARIES = YES;
				BUNDLE_LOADER = "$(TEST_HOST)";
				CODE_SIGN_STYLE = Automatic;
				CURRENT_PROJECT_VERSION = 1;
				GENERATE_INFOPLIST_FILE = YES;
				IPHONEOS_DEPLOYMENT_TARGET = 15.5;
				MARKETING_VERSION = 1.0;
				PRODUCT_BUNDLE_IDENTIFIER = com.briannashen.whiskTests;
				PRODUCT_NAME = "$(TARGET_NAME)";
				SWIFT_EMIT_LOC_STRINGS = NO;
				SWIFT_VERSION = 5.0;
				TARGETED_DEVICE_FAMILY = "1,2";
				TEST_HOST = "$(BUILT_PRODUCTS_DIR)/whisk.app/whisk";
			};
			name = Debug;
		};
		EA00244A2C59DF8100155ED4 /* Release */ = {
			isa = XCBuildConfiguration;
			buildSettings = {
				ALWAYS_EMBED_SWIFT_STANDARD_LIBRARIES = YES;
				BUNDLE_LOADER = "$(TEST_HOST)";
				CODE_SIGN_STYLE = Automatic;
				CURRENT_PROJECT_VERSION = 1;
				GENERATE_INFOPLIST_FILE = YES;
				IPHONEOS_DEPLOYMENT_TARGET = 15.5;
				MARKETING_VERSION = 1.0;
				PRODUCT_BUNDLE_IDENTIFIER = com.briannashen.whiskTests;
				PRODUCT_NAME = "$(TARGET_NAME)";
				SWIFT_EMIT_LOC_STRINGS = NO;
				SWIFT_VERSION = 5.0;
				TARGETED_DEVICE_FAMILY = "1,2";
				TEST_HOST = "$(BUILT_PRODUCTS_DIR)/whisk.app/whisk";
			};
			name = Release;
		};
		EA00244C2C59DF8100155ED4 /* Debug */ = {
			isa = XCBuildConfiguration;
			buildSettings = {
				ALWAYS_EMBED_SWIFT_STANDARD_LIBRARIES = YES;
				CODE_SIGN_STYLE = Automatic;
				CURRENT_PROJECT_VERSION = 1;
				GENERATE_INFOPLIST_FILE = YES;
				MARKETING_VERSION = 1.0;
				PRODUCT_BUNDLE_IDENTIFIER = com.briannashen.whiskUITests;
				PRODUCT_NAME = "$(TARGET_NAME)";
				SWIFT_EMIT_LOC_STRINGS = NO;
				SWIFT_VERSION = 5.0;
				TARGETED_DEVICE_FAMILY = "1,2";
				TEST_TARGET_NAME = whisk;
			};
			name = Debug;
		};
		EA00244D2C59DF8100155ED4 /* Release */ = {
			isa = XCBuildConfiguration;
			buildSettings = {
				ALWAYS_EMBED_SWIFT_STANDARD_LIBRARIES = YES;
				CODE_SIGN_STYLE = Automatic;
				CURRENT_PROJECT_VERSION = 1;
				GENERATE_INFOPLIST_FILE = YES;
				MARKETING_VERSION = 1.0;
				PRODUCT_BUNDLE_IDENTIFIER = com.briannashen.whiskUITests;
				PRODUCT_NAME = "$(TARGET_NAME)";
				SWIFT_EMIT_LOC_STRINGS = NO;
				SWIFT_VERSION = 5.0;
				TARGETED_DEVICE_FAMILY = "1,2";
				TEST_TARGET_NAME = whisk;
			};
			name = Release;
		};
/* End XCBuildConfiguration section */

/* Begin XCConfigurationList section */
		EA00241C2C59DF8000155ED4 /* Build configuration list for PBXProject "whisk" */ = {
			isa = XCConfigurationList;
			buildConfigurations = (
				EA0024432C59DF8100155ED4 /* Debug */,
				EA0024442C59DF8100155ED4 /* Release */,
			);
			defaultConfigurationIsVisible = 0;
			defaultConfigurationName = Release;
		};
		EA0024452C59DF8100155ED4 /* Build configuration list for PBXNativeTarget "whisk" */ = {
			isa = XCConfigurationList;
			buildConfigurations = (
				EA0024462C59DF8100155ED4 /* Debug */,
				EA0024472C59DF8100155ED4 /* Release */,
			);
			defaultConfigurationIsVisible = 0;
			defaultConfigurationName = Release;
		};
		EA0024482C59DF8100155ED4 /* Build configuration list for PBXNativeTarget "whiskTests" */ = {
			isa = XCConfigurationList;
			buildConfigurations = (
				EA0024492C59DF8100155ED4 /* Debug */,
				EA00244A2C59DF8100155ED4 /* Release */,
			);
			defaultConfigurationIsVisible = 0;
			defaultConfigurationName = Release;
		};
		EA00244B2C59DF8100155ED4 /* Build configuration list for PBXNativeTarget "whiskUITests" */ = {
			isa = XCConfigurationList;
			buildConfigurations = (
				EA00244C2C59DF8100155ED4 /* Debug */,
				EA00244D2C59DF8100155ED4 /* Release */,
			);
			defaultConfigurationIsVisible = 0;
			defaultConfigurationName = Release;
		};
/* End XCConfigurationList section */
	};
	rootObject = EA0024192C59DF8000155ED4 /* Project object */;
}
